
Microsoft Visual Studio Solution File, Format Version 12.00
# Visual Studio 15
VisualStudioVersion = 15.0.28307.329
MinimumVisualStudioVersion = 10.0.40219.1
Project("{888888A0-9F3D-457C-B088-3A5042F75D52}") = "finding-lane", "finding-lane\finding-lane.pyproj", "{3091C877-57BA-4CBD-8BB6-AB6D7C66BD1A}"
EndProject
Global
	GlobalSection(SolutionConfigurationPlatforms) = preSolution
		Debug|Any CPU = Debug|Any CPU
		Release|Any CPU = Release|Any CPU
	EndGlobalSection
	GlobalSection(ProjectConfigurationPlatforms) = postSolution
		{3091C877-57BA-4CBD-8BB6-AB6D7C66BD1A}.Debug|Any CPU.ActiveCfg = Debug|Any CPU
		{3091C877-57BA-4CBD-8BB6-AB6D7C66BD1A}.Release|Any CPU.ActiveCfg = Release|Any CPU
	EndGlobalSection
	GlobalSection(SolutionProperties) = preSolution
		HideSolutionNode = FALSE
	EndGlobalSection
	GlobalSection(ExtensibilityGlobals) = postSolution
		SolutionGuid = {CD23E630-FFBF-4107-B57C-8BC17E671F2F}
	EndGlobalSection
EndGlobal
